// !$*UTF8*$!
{
	archiveVersion = 1;
	classes = {
	};
	objectVersion = 55;
	objects = {

/* Begin PBXBuildFile section */
		04C346CA285B2D2200DA6636 /* AppDelegate.swift in Sources */ = {isa = PBXBuildFile; fileRef = 04C346C9285B2D2200DA6636 /* AppDelegate.swift */; };
		04C346CC285B2D2200DA6636 /* SceneDelegate.swift in Sources */ = {isa = PBXBuildFile; fileRef = 04C346CB285B2D2200DA6636 /* SceneDelegate.swift */; };
		04C346CE285B2D2200DA6636 /* MainViewController.swift in Sources */ = {isa = PBXBuildFile; fileRef = 04C346CD285B2D2200DA6636 /* MainViewController.swift */; };
		04C346D1285B2D2200DA6636 /* Main.storyboard in Resources */ = {isa = PBXBuildFile; fileRef = 04C346CF285B2D2200DA6636 /* Main.storyboard */; };
		04C346D3285B2D2400DA6636 /* Assets.xcassets in Resources */ = {isa = PBXBuildFile; fileRef = 04C346D2285B2D2400DA6636 /* Assets.xcassets */; };
		04C346D6285B2D2400DA6636 /* LaunchScreen.storyboard in Resources */ = {isa = PBXBuildFile; fileRef = 04C346D4285B2D2400DA6636 /* LaunchScreen.storyboard */; };
		04C346DE285B312700DA6636 /* WeatherTableViewCell.swift in Sources */ = {isa = PBXBuildFile; fileRef = 04C346DD285B312700DA6636 /* WeatherTableViewCell.swift */; };
		04E9569E285B3529007ACA84 /* WeatherInfo.swift in Sources */ = {isa = PBXBuildFile; fileRef = 04E9569D285B3529007ACA84 /* WeatherInfo.swift */; };
		04E956A2285CA7D5007ACA84 /* DetailViewController.swift in Sources */ = {isa = PBXBuildFile; fileRef = 04E956A1285CA7D5007ACA84 /* DetailViewController.swift */; };
/* End PBXBuildFile section */

/* Begin PBXFileReference section */
		04C346C6285B2D2200DA6636 /* WantedOnboardingApp.app */ = {isa = PBXFileReference; explicitFileType = wrapper.application; includeInIndex = 0; path = WantedOnboardingApp.app; sourceTree = BUILT_PRODUCTS_DIR; };
		04C346C9285B2D2200DA6636 /* AppDelegate.swift */ = {isa = PBXFileReference; lastKnownFileType = sourcecode.swift; path = AppDelegate.swift; sourceTree = "<group>"; };
		04C346CB285B2D2200DA6636 /* SceneDelegate.swift */ = {isa = PBXFileReference; lastKnownFileType = sourcecode.swift; path = SceneDelegate.swift; sourceTree = "<group>"; };
		04C346CD285B2D2200DA6636 /* MainViewController.swift */ = {isa = PBXFileReference; lastKnownFileType = sourcecode.swift; path = MainViewController.swift; sourceTree = "<group>"; };
		04C346D0285B2D2200DA6636 /* Base */ = {isa = PBXFileReference; lastKnownFileType = file.storyboard; name = Base; path = Base.lproj/Main.storyboard; sourceTree = "<group>"; };
		04C346D2285B2D2400DA6636 /* Assets.xcassets */ = {isa = PBXFileReference; lastKnownFileType = folder.assetcatalog; path = Assets.xcassets; sourceTree = "<group>"; };
		04C346D5285B2D2400DA6636 /* Base */ = {isa = PBXFileReference; lastKnownFileType = file.storyboard; name = Base; path = Base.lproj/LaunchScreen.storyboard; sourceTree = "<group>"; };
		04C346D7285B2D2400DA6636 /* Info.plist */ = {isa = PBXFileReference; lastKnownFileType = text.plist.xml; path = Info.plist; sourceTree = "<group>"; };
		04C346DD285B312700DA6636 /* WeatherTableViewCell.swift */ = {isa = PBXFileReference; lastKnownFileType = sourcecode.swift; path = WeatherTableViewCell.swift; sourceTree = "<group>"; };
		04E9569D285B3529007ACA84 /* WeatherInfo.swift */ = {isa = PBXFileReference; lastKnownFileType = sourcecode.swift; path = WeatherInfo.swift; sourceTree = "<group>"; };
		04E956A1285CA7D5007ACA84 /* DetailViewController.swift */ = {isa = PBXFileReference; lastKnownFileType = sourcecode.swift; path = DetailViewController.swift; sourceTree = "<group>"; };
/* End PBXFileReference section */

/* Begin PBXFrameworksBuildPhase section */
		04C346C3285B2D2200DA6636 /* Frameworks */ = {
			isa = PBXFrameworksBuildPhase;
			buildActionMask = 2147483647;
			files = (
			);
			runOnlyForDeploymentPostprocessing = 0;
		};
/* End PBXFrameworksBuildPhase section */

/* Begin PBXGroup section */
		045E3EB3285EF79A0067687E /* Main */ = {
			isa = PBXGroup;
			children = (
				04C346CD285B2D2200DA6636 /* MainViewController.swift */,
				04C346DD285B312700DA6636 /* WeatherTableViewCell.swift */,
			);
			path = Main;
			sourceTree = "<group>";
		};
		045E3EB4285EF7A40067687E /* Detail */ = {
			isa = PBXGroup;
			children = (
				04E956A1285CA7D5007ACA84 /* DetailViewController.swift */,
			);
			path = Detail;
			sourceTree = "<group>";
		};
		04C346BD285B2D2200DA6636 = {
			isa = PBXGroup;
			children = (
				04C346C8285B2D2200DA6636 /* WantedOnboardingApp */,
				04C346C7285B2D2200DA6636 /* Products */,
			);
			sourceTree = "<group>";
		};
		04C346C7285B2D2200DA6636 /* Products */ = {
			isa = PBXGroup;
			children = (
				04C346C6285B2D2200DA6636 /* WantedOnboardingApp.app */,
			);
			name = Products;
			sourceTree = "<group>";
		};
		04C346C8285B2D2200DA6636 /* WantedOnboardingApp */ = {
			isa = PBXGroup;
			children = (
				04C346C9285B2D2200DA6636 /* AppDelegate.swift */,
				04C346CB285B2D2200DA6636 /* SceneDelegate.swift */,
				04E9569F285CA407007ACA84 /* Scene */,
				04E956A0285CA410007ACA84 /* Entity */,
				04C346CF285B2D2200DA6636 /* Main.storyboard */,
				04C346D2285B2D2400DA6636 /* Assets.xcassets */,
				04C346D4285B2D2400DA6636 /* LaunchScreen.storyboard */,
				04C346D7285B2D2400DA6636 /* Info.plist */,
			);
			path = WantedOnboardingApp;
			sourceTree = "<group>";
		};
		04E9569F285CA407007ACA84 /* Scene */ = {
			isa = PBXGroup;
			children = (
				045E3EB3285EF79A0067687E /* Main */,
				045E3EB4285EF7A40067687E /* Detail */,
			);
			path = Scene;
			sourceTree = "<group>";
		};
		04E956A0285CA410007ACA84 /* Entity */ = {
			isa = PBXGroup;
			children = (
				04E9569D285B3529007ACA84 /* WeatherInfo.swift */,
			);
			path = Entity;
			sourceTree = "<group>";
		};
/* End PBXGroup section */

/* Begin PBXNativeTarget section */
		04C346C5285B2D2200DA6636 /* WantedOnboardingApp */ = {
			isa = PBXNativeTarget;
			buildConfigurationList = 04C346DA285B2D2400DA6636 /* Build configuration list for PBXNativeTarget "WantedOnboardingApp" */;
			buildPhases = (
				04C346C2285B2D2200DA6636 /* Sources */,
				04C346C3285B2D2200DA6636 /* Frameworks */,
				04C346C4285B2D2200DA6636 /* Resources */,
			);
			buildRules = (
			);
			dependencies = (
			);
			name = WantedOnboardingApp;
			productName = WantedOnboardingApp;
			productReference = 04C346C6285B2D2200DA6636 /* WantedOnboardingApp.app */;
			productType = "com.apple.product-type.application";
		};
/* End PBXNativeTarget section */

/* Begin PBXProject section */
		04C346BE285B2D2200DA6636 /* Project object */ = {
			isa = PBXProject;
			attributes = {
				BuildIndependentTargetsInParallel = 1;
				LastSwiftUpdateCheck = 1340;
				LastUpgradeCheck = 1340;
				TargetAttributes = {
					04C346C5285B2D2200DA6636 = {
						CreatedOnToolsVersion = 13.4.1;
					};
				};
			};
			buildConfigurationList = 04C346C1285B2D2200DA6636 /* Build configuration list for PBXProject "WantedOnboardingApp" */;
			compatibilityVersion = "Xcode 13.0";
			developmentRegion = en;
			hasScannedForEncodings = 0;
			knownRegions = (
				en,
				Base,
			);
			mainGroup = 04C346BD285B2D2200DA6636;
			productRefGroup = 04C346C7285B2D2200DA6636 /* Products */;
			projectDirPath = "";
			projectRoot = "";
			targets = (
				04C346C5285B2D2200DA6636 /* WantedOnboardingApp */,
			);
		};
/* End PBXProject section */

/* Begin PBXResourcesBuildPhase section */
		04C346C4285B2D2200DA6636 /* Resources */ = {
			isa = PBXResourcesBuildPhase;
			buildActionMask = 2147483647;
			files = (
				04C346D6285B2D2400DA6636 /* LaunchScreen.storyboard in Resources */,
				04C346D3285B2D2400DA6636 /* Assets.xcassets in Resources */,
				04C346D1285B2D2200DA6636 /* Main.storyboard in Resources */,
			);
			runOnlyForDeploymentPostprocessing = 0;
		};
/* End PBXResourcesBuildPhase section */

/* Begin PBXSourcesBuildPhase section */
		04C346C2285B2D2200DA6636 /* Sources */ = {
			isa = PBXSourcesBuildPhase;
			buildActionMask = 2147483647;
			files = (
				04C346DE285B312700DA6636 /* WeatherTableViewCell.swift in Sources */,
				04C346CE285B2D2200DA6636 /* MainViewController.swift in Sources */,
				04C346CA285B2D2200DA6636 /* AppDelegate.swift in Sources */,
				04E956A2285CA7D5007ACA84 /* DetailViewController.swift in Sources */,
				04E9569E285B3529007ACA84 /* WeatherInfo.swift in Sources */,
				04C346CC285B2D2200DA6636 /* SceneDelegate.swift in Sources */,
			);
			runOnlyForDeploymentPostprocessing = 0;
		};
/* End PBXSourcesBuildPhase section */

/* Begin PBXVariantGroup section */
		04C346CF285B2D2200DA6636 /* Main.storyboard */ = {
			isa = PBXVariantGroup;
			children = (
				04C346D0285B2D2200DA6636 /* Base */,
			);
			name = Main.storyboard;
			sourceTree = "<group>";
		};
		04C346D4285B2D2400DA6636 /* LaunchScreen.storyboard */ = {
			isa = PBXVariantGroup;
			children = (
				04C346D5285B2D2400DA6636 /* Base */,
			);
			name = LaunchScreen.storyboard;
			sourceTree = "<group>";
		};
/* End PBXVariantGroup section */

/* Begin XCBuildConfiguration section */
		04C346D8285B2D2400DA6636 /* Debug */ = {
			isa = XCBuildConfiguration;
			buildSettings = {
				ALWAYS_SEARCH_USER_PATHS = NO;
				CLANG_ANALYZER_NONNULL = YES;
				CLANG_ANALYZER_NUMBER_OBJECT_CONVERSION = YES_AGGRESSIVE;
				CLANG_CXX_LANGUAGE_STANDARD = "gnu++17";
				CLANG_ENABLE_MODULES = YES;
				CLANG_ENABLE_OBJC_ARC = YES;
				CLANG_ENABLE_OBJC_WEAK = YES;
				CLANG_WARN_BLOCK_CAPTURE_AUTORELEASING = YES;
				CLANG_WARN_BOOL_CONVERSION = YES;
				CLANG_WARN_COMMA = YES;
				CLANG_WARN_CONSTANT_CONVERSION = YES;
				CLANG_WARN_DEPRECATED_OBJC_IMPLEMENTATIONS = YES;
				CLANG_WARN_DIRECT_OBJC_ISA_USAGE = YES_ERROR;
				CLANG_WARN_DOCUMENTATION_COMMENTS = YES;
				CLANG_WARN_EMPTY_BODY = YES;
				CLANG_WARN_ENUM_CONVERSION = YES;
				CLANG_WARN_INFINITE_RECURSION = YES;
				CLANG_WARN_INT_CONVERSION = YES;
				CLANG_WARN_NON_LITERAL_NULL_CONVERSION = YES;
				CLANG_WARN_OBJC_IMPLICIT_RETAIN_SELF = YES;
				CLANG_WARN_OBJC_LITERAL_CONVERSION = YES;
				CLANG_WARN_OBJC_ROOT_CLASS = YES_ERROR;
				CLANG_WARN_QUOTED_INCLUDE_IN_FRAMEWORK_HEADER = YES;
				CLANG_WARN_RANGE_LOOP_ANALYSIS = YES;
				CLANG_WARN_STRICT_PROTOTYPES = YES;
				CLANG_WARN_SUSPICIOUS_MOVE = YES;
				CLANG_WARN_UNGUARDED_AVAILABILITY = YES_AGGRESSIVE;
				CLANG_WARN_UNREACHABLE_CODE = YES;
				CLANG_WARN__DUPLICATE_METHOD_MATCH = YES;
				COPY_PHASE_STRIP = NO;
				DEBUG_INFORMATION_FORMAT = dwarf;
				ENABLE_STRICT_OBJC_MSGSEND = YES;
				ENABLE_TESTABILITY = YES;
				GCC_C_LANGUAGE_STANDARD = gnu11;
				GCC_DYNAMIC_NO_PIC = NO;
				GCC_NO_COMMON_BLOCKS = YES;
				GCC_OPTIMIZATION_LEVEL = 0;
				GCC_PREPROCESSOR_DEFINITIONS = (
					"DEBUG=1",
					"$(inherited)",
				);
				GCC_WARN_64_TO_32_BIT_CONVERSION = YES;
				GCC_WARN_ABOUT_RETURN_TYPE = YES_ERROR;
				GCC_WARN_UNDECLARED_SELECTOR = YES;
				GCC_WARN_UNINITIALIZED_AUTOS = YES_AGGRESSIVE;
				GCC_WARN_UNUSED_FUNCTION = YES;
				GCC_WARN_UNUSED_VARIABLE = YES;
				IPHONEOS_DEPLOYMENT_TARGET = 15.5;
				MTL_ENABLE_DEBUG_INFO = INCLUDE_SOURCE;
				MTL_FAST_MATH = YES;
				ONLY_ACTIVE_ARCH = YES;
				SDKROOT = iphoneos;
				SWIFT_ACTIVE_COMPILATION_CONDITIONS = DEBUG;
				SWIFT_OPTIMIZATION_LEVEL = "-Onone";
			};
			name = Debug;
		};
		04C346D9285B2D2400DA6636 /* Release */ = {
			isa = XCBuildConfiguration;
			buildSettings = {
				ALWAYS_SEARCH_USER_PATHS = NO;
				CLANG_ANALYZER_NONNULL = YES;
				CLANG_ANALYZER_NUMBER_OBJECT_CONVERSION = YES_AGGRESSIVE;
				CLANG_CXX_LANGUAGE_STANDARD = "gnu++17";
				CLANG_ENABLE_MODULES = YES;
				CLANG_ENABLE_OBJC_ARC = YES;
				CLANG_ENABLE_OBJC_WEAK = YES;
				CLANG_WARN_BLOCK_CAPTURE_AUTORELEASING = YES;
				CLANG_WARN_BOOL_CONVERSION = YES;
				CLANG_WARN_COMMA = YES;
				CLANG_WARN_CONSTANT_CONVERSION = YES;
				CLANG_WARN_DEPRECATED_OBJC_IMPLEMENTATIONS = YES;
				CLANG_WARN_DIRECT_OBJC_ISA_USAGE = YES_ERROR;
				CLANG_WARN_DOCUMENTATION_COMMENTS = YES;
				CLANG_WARN_EMPTY_BODY = YES;
				CLANG_WARN_ENUM_CONVERSION = YES;
				CLANG_WARN_INFINITE_RECURSION = YES;
				CLANG_WARN_INT_CONVERSION = YES;
				CLANG_WARN_NON_LITERAL_NULL_CONVERSION = YES;
				CLANG_WARN_OBJC_IMPLICIT_RETAIN_SELF = YES;
				CLANG_WARN_OBJC_LITERAL_CONVERSION = YES;
				CLANG_WARN_OBJC_ROOT_CLASS = YES_ERROR;
				CLANG_WARN_QUOTED_INCLUDE_IN_FRAMEWORK_HEADER = YES;
				CLANG_WARN_RANGE_LOOP_ANALYSIS = YES;
				CLANG_WARN_STRICT_PROTOTYPES = YES;
				CLANG_WARN_SUSPICIOUS_MOVE = YES;
				CLANG_WARN_UNGUARDED_AVAILABILITY = YES_AGGRESSIVE;
				CLANG_WARN_UNREACHABLE_CODE = YES;
				CLANG_WARN__DUPLICATE_METHOD_MATCH = YES;
				COPY_PHASE_STRIP = NO;
				DEBUG_INFORMATION_FORMAT = "dwarf-with-dsym";
				ENABLE_NS_ASSERTIONS = NO;
				ENABLE_STRICT_OBJC_MSGSEND = YES;
				GCC_C_LANGUAGE_STANDARD = gnu11;
				GCC_NO_COMMON_BLOCKS = YES;
				GCC_WARN_64_TO_32_BIT_CONVERSION = YES;
				GCC_WARN_ABOUT_RETURN_TYPE = YES_ERROR;
				GCC_WARN_UNDECLARED_SELECTOR = YES;
				GCC_WARN_UNINITIALIZED_AUTOS = YES_AGGRESSIVE;
				GCC_WARN_UNUSED_FUNCTION = YES;
				GCC_WARN_UNUSED_VARIABLE = YES;
				IPHONEOS_DEPLOYMENT_TARGET = 15.5;
				MTL_ENABLE_DEBUG_INFO = NO;
				MTL_FAST_MATH = YES;
				SDKROOT = iphoneos;
				SWIFT_COMPILATION_MODE = wholemodule;
				SWIFT_OPTIMIZATION_LEVEL = "-O";
				VALIDATE_PRODUCT = YES;
			};
			name = Release;
		};
		04C346DB285B2D2400DA6636 /* Debug */ = {
			isa = XCBuildConfiguration;
			buildSettings = {
				ASSETCATALOG_COMPILER_APPICON_NAME = AppIcon;
				ASSETCATALOG_COMPILER_GLOBAL_ACCENT_COLOR_NAME = AccentColor;
				CODE_SIGN_STYLE = Automatic;
				CURRENT_PROJECT_VERSION = 1;
				DEVELOPMENT_TEAM = A8PCCQAZN2;
				GENERATE_INFOPLIST_FILE = YES;
				INFOPLIST_FILE = WantedOnboardingApp/Info.plist;
				INFOPLIST_KEY_UIApplicationSupportsIndirectInputEvents = YES;
				INFOPLIST_KEY_UILaunchStoryboardName = LaunchScreen;
				INFOPLIST_KEY_UIMainStoryboardFile = Main;
				INFOPLIST_KEY_UISupportedInterfaceOrientations_iPad = "UIInterfaceOrientationPortrait UIInterfaceOrientationPortraitUpsideDown UIInterfaceOrientationLandscapeLeft UIInterfaceOrientationLandscapeRight";
				INFOPLIST_KEY_UISupportedInterfaceOrientations_iPhone = "UIInterfaceOrientationPortrait UIInterfaceOrientationLandscapeLeft UIInterfaceOrientationLandscapeRight";
				LD_RUNPATH_SEARCH_PATHS = (
					"$(inherited)",
					"@executable_path/Frameworks",
				);
				MARKETING_VERSION = 1.0;
				PRODUCT_BUNDLE_IDENTIFIER = com.zoa0945.WantedOnboardingApp;
				PRODUCT_NAME = "$(TARGET_NAME)";
				SWIFT_EMIT_LOC_STRINGS = YES;
				SWIFT_VERSION = 5.0;
				TARGETED_DEVICE_FAMILY = "1,2";
			};
			name = Debug;
		};
		04C346DC285B2D2400DA6636 /* Release */ = {
			isa = XCBuildConfiguration;
			buildSettings = {
				ASSETCATALOG_COMPILER_APPICON_NAME = AppIcon;
				ASSETCATALOG_COMPILER_GLOBAL_ACCENT_COLOR_NAME = AccentColor;
				CODE_SIGN_STYLE = Automatic;
				CURRENT_PROJECT_VERSION = 1;
				DEVELOPMENT_TEAM = A8PCCQAZN2;
				GENERATE_INFOPLIST_FILE = YES;
				INFOPLIST_FILE = WantedOnboardingApp/Info.plist;
				INFOPLIST_KEY_UIApplicationSupportsIndirectInputEvents = YES;
				INFOPLIST_KEY_UILaunchStoryboardName = LaunchScreen;
				INFOPLIST_KEY_UIMainStoryboardFile = Main;
				INFOPLIST_KEY_UISupportedInterfaceOrientations_iPad = "UIInterfaceOrientationPortrait UIInterfaceOrientationPortraitUpsideDown UIInterfaceOrientationLandscapeLeft UIInterfaceOrientationLandscapeRight";
				INFOPLIST_KEY_UISupportedInterfaceOrientations_iPhone = "UIInterfaceOrientationPortrait UIInterfaceOrientationLandscapeLeft UIInterfaceOrientationLandscapeRight";
				LD_RUNPATH_SEARCH_PATHS = (
					"$(inherited)",
					"@executable_path/Frameworks",
				);
				MARKETING_VERSION = 1.0;
				PRODUCT_BUNDLE_IDENTIFIER = com.zoa0945.WantedOnboardingApp;
				PRODUCT_NAME = "$(TARGET_NAME)";
				SWIFT_EMIT_LOC_STRINGS = YES;
				SWIFT_VERSION = 5.0;
				TARGETED_DEVICE_FAMILY = "1,2";
			};
			name = Release;
		};
/* End XCBuildConfiguration section */

/* Begin XCConfigurationList section */
		04C346C1285B2D2200DA6636 /* Build configuration list for PBXProject "WantedOnboardingApp" */ = {
			isa = XCConfigurationList;
			buildConfigurations = (
				04C346D8285B2D2400DA6636 /* Debug */,
				04C346D9285B2D2400DA6636 /* Release */,
			);
			defaultConfigurationIsVisible = 0;
			defaultConfigurationName = Release;
		};
		04C346DA285B2D2400DA6636 /* Build configuration list for PBXNativeTarget "WantedOnboardingApp" */ = {
			isa = XCConfigurationList;
			buildConfigurations = (
				04C346DB285B2D2400DA6636 /* Debug */,
				04C346DC285B2D2400DA6636 /* Release */,
			);
			defaultConfigurationIsVisible = 0;
			defaultConfigurationName = Release;
		};
/* End XCConfigurationList section */
	};
	rootObject = 04C346BE285B2D2200DA6636 /* Project object */;
}
